// !$*UTF8*$!
{
	archiveVersion = 1;
	classes = {
	};
	objectVersion = 46;
	objects = {

/* Begin PBXBuildFile section */
		27F349BD543B7CF5132106FD /* libPods-PengCaCa.a in Frameworks */ = {isa = PBXBuildFile; fileRef = 5B2DE9471B964B20BD34CAF0 /* libPods-PengCaCa.a */; };
		A2A5F7B31DFE7083003BC5C1 /* main.m in Sources */ = {isa = PBXBuildFile; fileRef = A2A5F7B21DFE7083003BC5C1 /* main.m */; };
		A2A5F7B61DFE7083003BC5C1 /* AppDelegate.m in Sources */ = {isa = PBXBuildFile; fileRef = A2A5F7B51DFE7083003BC5C1 /* AppDelegate.m */; };
		A2A5F7BC1DFE7083003BC5C1 /* Main.storyboard in Resources */ = {isa = PBXBuildFile; fileRef = A2A5F7BA1DFE7083003BC5C1 /* Main.storyboard */; };
		A2A5F7BE1DFE7083003BC5C1 /* Assets.xcassets in Resources */ = {isa = PBXBuildFile; fileRef = A2A5F7BD1DFE7083003BC5C1 /* Assets.xcassets */; };
		A2A5F7C11DFE7083003BC5C1 /* LaunchScreen.storyboard in Resources */ = {isa = PBXBuildFile; fileRef = A2A5F7BF1DFE7083003BC5C1 /* LaunchScreen.storyboard */; };
		A2A5F7EC1DFE779F003BC5C1 /* ArtistsController.m in Sources */ = {isa = PBXBuildFile; fileRef = A2A5F7EB1DFE779F003BC5C1 /* ArtistsController.m */; };
		A2A5F7F01DFE7A71003BC5C1 /* LoginViewController.m in Sources */ = {isa = PBXBuildFile; fileRef = A2A5F7EE1DFE7A71003BC5C1 /* LoginViewController.m */; };
		A2A5F7F11DFE7A71003BC5C1 /* LoginViewController.xib in Resources */ = {isa = PBXBuildFile; fileRef = A2A5F7EF1DFE7A71003BC5C1 /* LoginViewController.xib */; };
		A2A5F7F51DFE7A90003BC5C1 /* RegisterController.m in Sources */ = {isa = PBXBuildFile; fileRef = A2A5F7F31DFE7A90003BC5C1 /* RegisterController.m */; };
		A2A5F7F61DFE7A90003BC5C1 /* RegisterController.xib in Resources */ = {isa = PBXBuildFile; fileRef = A2A5F7F41DFE7A90003BC5C1 /* RegisterController.xib */; };
		A2A5F7F91DFE7AD2003BC5C1 /* NoticeController.m in Sources */ = {isa = PBXBuildFile; fileRef = A2A5F7F81DFE7AD2003BC5C1 /* NoticeController.m */; };
		A2A5F7FC1DFE7B07003BC5C1 /* OrderViewController.m in Sources */ = {isa = PBXBuildFile; fileRef = A2A5F7FB1DFE7B07003BC5C1 /* OrderViewController.m */; };
		A2A5F7FF1DFE7B55003BC5C1 /* ScheduleViewController.m in Sources */ = {isa = PBXBuildFile; fileRef = A2A5F7FE1DFE7B55003BC5C1 /* ScheduleViewController.m */; };
		A2A5F8021DFE7B85003BC5C1 /* MineViewController.m in Sources */ = {isa = PBXBuildFile; fileRef = A2A5F8011DFE7B85003BC5C1 /* MineViewController.m */; };
		A2A5F8071DFE853A003BC5C1 /* NavigatorSlider.m in Sources */ = {isa = PBXBuildFile; fileRef = A2A5F8061DFE853A003BC5C1 /* NavigatorSlider.m */; };
		A2A5F80A1DFE8BBA003BC5C1 /* Macro.h in Sources */ = {isa = PBXBuildFile; fileRef = A2A5F8091DFE8BBA003BC5C1 /* Macro.h */; };
		A2A5F80D1DFE9957003BC5C1 /* MainViewController.m in Sources */ = {isa = PBXBuildFile; fileRef = A2A5F80C1DFE9957003BC5C1 /* MainViewController.m */; };
		A2A5F8111DFE9B41003BC5C1 /* ArtistListCollectionViewCell.m in Sources */ = {isa = PBXBuildFile; fileRef = A2A5F80F1DFE9B41003BC5C1 /* ArtistListCollectionViewCell.m */; };
		A2A5F8151DFF802A003BC5C1 /* ArtistListTableViewCell.m in Sources */ = {isa = PBXBuildFile; fileRef = A2A5F8141DFF802A003BC5C1 /* ArtistListTableViewCell.m */; };
		A2A5F8171DFFED60003BC5C1 /* Test.storyboard in Resources */ = {isa = PBXBuildFile; fileRef = A2A5F8161DFFED60003BC5C1 /* Test.storyboard */; };
/* End PBXBuildFile section */

/* Begin PBXFileReference section */
		06A496B511B833ACCEDA8866 /* Pods-PengCaCa.debug.xcconfig */ = {isa = PBXFileReference; includeInIndex = 1; lastKnownFileType = text.xcconfig; name = "Pods-PengCaCa.debug.xcconfig"; path = "Pods/Target Support Files/Pods-PengCaCa/Pods-PengCaCa.debug.xcconfig"; sourceTree = "<group>"; };
		5B2DE9471B964B20BD34CAF0 /* libPods-PengCaCa.a */ = {isa = PBXFileReference; explicitFileType = archive.ar; includeInIndex = 0; path = "libPods-PengCaCa.a"; sourceTree = BUILT_PRODUCTS_DIR; };
		7A354A661DBAB518D3D876CD /* Pods-PengCaCa.release.xcconfig */ = {isa = PBXFileReference; includeInIndex = 1; lastKnownFileType = text.xcconfig; name = "Pods-PengCaCa.release.xcconfig"; path = "Pods/Target Support Files/Pods-PengCaCa/Pods-PengCaCa.release.xcconfig"; sourceTree = "<group>"; };
		A2A5F7AE1DFE7083003BC5C1 /* PengCaCa.app */ = {isa = PBXFileReference; explicitFileType = wrapper.application; includeInIndex = 0; path = PengCaCa.app; sourceTree = BUILT_PRODUCTS_DIR; };
		A2A5F7B21DFE7083003BC5C1 /* main.m */ = {isa = PBXFileReference; lastKnownFileType = sourcecode.c.objc; path = main.m; sourceTree = "<group>"; };
		A2A5F7B41DFE7083003BC5C1 /* AppDelegate.h */ = {isa = PBXFileReference; lastKnownFileType = sourcecode.c.h; name = AppDelegate.h; path = ../AppDelegate.h; sourceTree = "<group>"; };
		A2A5F7B51DFE7083003BC5C1 /* AppDelegate.m */ = {isa = PBXFileReference; lastKnownFileType = sourcecode.c.objc; name = AppDelegate.m; path = ../AppDelegate.m; sourceTree = "<group>"; };
		A2A5F7BB1DFE7083003BC5C1 /* Base */ = {isa = PBXFileReference; lastKnownFileType = file.storyboard; name = Base; path = Base.lproj/Main.storyboard; sourceTree = "<group>"; };
		A2A5F7BD1DFE7083003BC5C1 /* Assets.xcassets */ = {isa = PBXFileReference; lastKnownFileType = folder.assetcatalog; name = Assets.xcassets; path = ../Assets.xcassets; sourceTree = "<group>"; };
		A2A5F7C01DFE7083003BC5C1 /* Base */ = {isa = PBXFileReference; lastKnownFileType = file.storyboard; name = Base; path = Base.lproj/LaunchScreen.storyboard; sourceTree = "<group>"; };
		A2A5F7C21DFE7083003BC5C1 /* Info.plist */ = {isa = PBXFileReference; lastKnownFileType = text.plist.xml; name = Info.plist; path = ../Info.plist; sourceTree = "<group>"; };
		A2A5F7EA1DFE779F003BC5C1 /* ArtistsController.h */ = {isa = PBXFileReference; fileEncoding = 4; lastKnownFileType = sourcecode.c.h; path = ArtistsController.h; sourceTree = "<group>"; };
		A2A5F7EB1DFE779F003BC5C1 /* ArtistsController.m */ = {isa = PBXFileReference; fileEncoding = 4; lastKnownFileType = sourcecode.c.objc; path = ArtistsController.m; sourceTree = "<group>"; };
		A2A5F7ED1DFE7A71003BC5C1 /* LoginViewController.h */ = {isa = PBXFileReference; fileEncoding = 4; lastKnownFileType = sourcecode.c.h; path = LoginViewController.h; sourceTree = "<group>"; };
		A2A5F7EE1DFE7A71003BC5C1 /* LoginViewController.m */ = {isa = PBXFileReference; fileEncoding = 4; lastKnownFileType = sourcecode.c.objc; path = LoginViewController.m; sourceTree = "<group>"; };
		A2A5F7EF1DFE7A71003BC5C1 /* LoginViewController.xib */ = {isa = PBXFileReference; fileEncoding = 4; lastKnownFileType = file.xib; path = LoginViewController.xib; sourceTree = "<group>"; };
		A2A5F7F21DFE7A90003BC5C1 /* RegisterController.h */ = {isa = PBXFileReference; fileEncoding = 4; lastKnownFileType = sourcecode.c.h; path = RegisterController.h; sourceTree = "<group>"; };
		A2A5F7F31DFE7A90003BC5C1 /* RegisterController.m */ = {isa = PBXFileReference; fileEncoding = 4; lastKnownFileType = sourcecode.c.objc; path = RegisterController.m; sourceTree = "<group>"; };
		A2A5F7F41DFE7A90003BC5C1 /* RegisterController.xib */ = {isa = PBXFileReference; fileEncoding = 4; lastKnownFileType = file.xib; path = RegisterController.xib; sourceTree = "<group>"; };
		A2A5F7F71DFE7AD2003BC5C1 /* NoticeController.h */ = {isa = PBXFileReference; fileEncoding = 4; lastKnownFileType = sourcecode.c.h; path = NoticeController.h; sourceTree = "<group>"; };
		A2A5F7F81DFE7AD2003BC5C1 /* NoticeController.m */ = {isa = PBXFileReference; fileEncoding = 4; lastKnownFileType = sourcecode.c.objc; path = NoticeController.m; sourceTree = "<group>"; };
		A2A5F7FA1DFE7B07003BC5C1 /* OrderViewController.h */ = {isa = PBXFileReference; fileEncoding = 4; lastKnownFileType = sourcecode.c.h; path = OrderViewController.h; sourceTree = "<group>"; };
		A2A5F7FB1DFE7B07003BC5C1 /* OrderViewController.m */ = {isa = PBXFileReference; fileEncoding = 4; lastKnownFileType = sourcecode.c.objc; path = OrderViewController.m; sourceTree = "<group>"; };
		A2A5F7FD1DFE7B55003BC5C1 /* ScheduleViewController.h */ = {isa = PBXFileReference; fileEncoding = 4; lastKnownFileType = sourcecode.c.h; path = ScheduleViewController.h; sourceTree = "<group>"; };
		A2A5F7FE1DFE7B55003BC5C1 /* ScheduleViewController.m */ = {isa = PBXFileReference; fileEncoding = 4; lastKnownFileType = sourcecode.c.objc; path = ScheduleViewController.m; sourceTree = "<group>"; };
		A2A5F8001DFE7B85003BC5C1 /* MineViewController.h */ = {isa = PBXFileReference; fileEncoding = 4; lastKnownFileType = sourcecode.c.h; path = MineViewController.h; sourceTree = "<group>"; };
		A2A5F8011DFE7B85003BC5C1 /* MineViewController.m */ = {isa = PBXFileReference; fileEncoding = 4; lastKnownFileType = sourcecode.c.objc; path = MineViewController.m; sourceTree = "<group>"; };
		A2A5F8051DFE853A003BC5C1 /* NavigatorSlider.h */ = {isa = PBXFileReference; fileEncoding = 4; lastKnownFileType = sourcecode.c.h; path = NavigatorSlider.h; sourceTree = "<group>"; };
		A2A5F8061DFE853A003BC5C1 /* NavigatorSlider.m */ = {isa = PBXFileReference; fileEncoding = 4; lastKnownFileType = sourcecode.c.objc; path = NavigatorSlider.m; sourceTree = "<group>"; };
		A2A5F8091DFE8BBA003BC5C1 /* Macro.h */ = {isa = PBXFileReference; fileEncoding = 4; lastKnownFileType = sourcecode.c.h; path = Macro.h; sourceTree = "<group>"; };
		A2A5F80B1DFE9957003BC5C1 /* MainViewController.h */ = {isa = PBXFileReference; fileEncoding = 4; lastKnownFileType = sourcecode.c.h; path = MainViewController.h; sourceTree = "<group>"; };
		A2A5F80C1DFE9957003BC5C1 /* MainViewController.m */ = {isa = PBXFileReference; fileEncoding = 4; lastKnownFileType = sourcecode.c.objc; path = MainViewController.m; sourceTree = "<group>"; };
		A2A5F80E1DFE9B41003BC5C1 /* ArtistListCollectionViewCell.h */ = {isa = PBXFileReference; fileEncoding = 4; lastKnownFileType = sourcecode.c.h; path = ArtistListCollectionViewCell.h; sourceTree = "<group>"; };
		A2A5F80F1DFE9B41003BC5C1 /* ArtistListCollectionViewCell.m */ = {isa = PBXFileReference; fileEncoding = 4; lastKnownFileType = sourcecode.c.objc; path = ArtistListCollectionViewCell.m; sourceTree = "<group>"; };
		A2A5F8131DFF802A003BC5C1 /* ArtistListTableViewCell.h */ = {isa = PBXFileReference; fileEncoding = 4; lastKnownFileType = sourcecode.c.h; path = ArtistListTableViewCell.h; sourceTree = "<group>"; };
		A2A5F8141DFF802A003BC5C1 /* ArtistListTableViewCell.m */ = {isa = PBXFileReference; fileEncoding = 4; lastKnownFileType = sourcecode.c.objc; path = ArtistListTableViewCell.m; sourceTree = "<group>"; };
		A2A5F8161DFFED60003BC5C1 /* Test.storyboard */ = {isa = PBXFileReference; fileEncoding = 4; lastKnownFileType = file.storyboard; path = Test.storyboard; sourceTree = "<group>"; };
/* End PBXFileReference section */

/* Begin PBXFrameworksBuildPhase section */
		A2A5F7AB1DFE7083003BC5C1 /* Frameworks */ = {
			isa = PBXFrameworksBuildPhase;
			buildActionMask = 2147483647;
			files = (
				27F349BD543B7CF5132106FD /* libPods-PengCaCa.a in Frameworks */,
			);
			runOnlyForDeploymentPostprocessing = 0;
		};
/* End PBXFrameworksBuildPhase section */

/* Begin PBXGroup section */
		0F1262B07B7799310D3BBD7D /* Pods */ = {
			isa = PBXGroup;
			children = (
				06A496B511B833ACCEDA8866 /* Pods-PengCaCa.debug.xcconfig */,
				7A354A661DBAB518D3D876CD /* Pods-PengCaCa.release.xcconfig */,
			);
			name = Pods;
			sourceTree = "<group>";
		};
		A138503DBD43F1D9B6100A4C /* Frameworks */ = {
			isa = PBXGroup;
			children = (
				5B2DE9471B964B20BD34CAF0 /* libPods-PengCaCa.a */,
			);
			name = Frameworks;
			sourceTree = "<group>";
		};
		A2A5F7A51DFE7083003BC5C1 = {
			isa = PBXGroup;
			children = (
				A2A5F7B01DFE7083003BC5C1 /* PengCaCa */,
				A2A5F7AF1DFE7083003BC5C1 /* Products */,
				0F1262B07B7799310D3BBD7D /* Pods */,
				A138503DBD43F1D9B6100A4C /* Frameworks */,
			);
			sourceTree = "<group>";
		};
		A2A5F7AF1DFE7083003BC5C1 /* Products */ = {
			isa = PBXGroup;
			children = (
				A2A5F7AE1DFE7083003BC5C1 /* PengCaCa.app */,
			);
			name = Products;
			sourceTree = "<group>";
		};
		A2A5F7B01DFE7083003BC5C1 /* PengCaCa */ = {
			isa = PBXGroup;
			children = (
				A2A5F7C81DFE723B003BC5C1 /* Application */,
				A2A5F7C91DFE723B003BC5C1 /* Home(艺人库) */,
				A2A5F7CD1DFE723B003BC5C1 /* Login&Register(登录与注册) */,
				A2A5F7CE1DFE723B003BC5C1 /* Macro */,
				A2A5F7CF1DFE723B003BC5C1 /* Mine(我的) */,
				A2A5F7D31DFE723B003BC5C1 /* Notice(通告) */,
				A2A5F7D71DFE723B003BC5C1 /* Order(订单) */,
				A2A5F7DB1DFE723B003BC5C1 /* Schedule(档期) */,
				A2A5F7DF1DFE723B003BC5C1 /* Utils */,
				A2A5F7B11DFE7083003BC5C1 /* Supporting Files */,
			);
			path = PengCaCa;
			sourceTree = "<group>";
		};
		A2A5F7B11DFE7083003BC5C1 /* Supporting Files */ = {
			isa = PBXGroup;
			children = (
				A2A5F7B21DFE7083003BC5C1 /* main.m */,
			);
			name = "Supporting Files";
			sourceTree = "<group>";
		};
		A2A5F7C81DFE723B003BC5C1 /* Application */ = {
			isa = PBXGroup;
			children = (
				A2A5F7B41DFE7083003BC5C1 /* AppDelegate.h */,
				A2A5F7B51DFE7083003BC5C1 /* AppDelegate.m */,
				A2A5F80B1DFE9957003BC5C1 /* MainViewController.h */,
				A2A5F80C1DFE9957003BC5C1 /* MainViewController.m */,
				A2A5F7BA1DFE7083003BC5C1 /* Main.storyboard */,
				A2A5F8161DFFED60003BC5C1 /* Test.storyboard */,
				A2A5F7BD1DFE7083003BC5C1 /* Assets.xcassets */,
				A2A5F7BF1DFE7083003BC5C1 /* LaunchScreen.storyboard */,
				A2A5F7C21DFE7083003BC5C1 /* Info.plist */,
			);
			path = Application;
			sourceTree = "<group>";
		};
		A2A5F7C91DFE723B003BC5C1 /* Home(艺人库) */ = {
			isa = PBXGroup;
			children = (
				A2A5F7CA1DFE723B003BC5C1 /* Controller */,
				A2A5F7CB1DFE723B003BC5C1 /* Model */,
				A2A5F7CC1DFE723B003BC5C1 /* View */,
			);
			path = "Home(艺人库)";
			sourceTree = "<group>";
		};
		A2A5F7CA1DFE723B003BC5C1 /* Controller */ = {
			isa = PBXGroup;
			children = (
				A2A5F7EA1DFE779F003BC5C1 /* ArtistsController.h */,
				A2A5F7EB1DFE779F003BC5C1 /* ArtistsController.m */,
			);
			path = Controller;
			sourceTree = "<group>";
		};
		A2A5F7CB1DFE723B003BC5C1 /* Model */ = {
			isa = PBXGroup;
			children = (
			);
			path = Model;
			sourceTree = "<group>";
		};
		A2A5F7CC1DFE723B003BC5C1 /* View */ = {
			isa = PBXGroup;
			children = (
				A2A5F80E1DFE9B41003BC5C1 /* ArtistListCollectionViewCell.h */,
				A2A5F80F1DFE9B41003BC5C1 /* ArtistListCollectionViewCell.m */,
				A2A5F8131DFF802A003BC5C1 /* ArtistListTableViewCell.h */,
				A2A5F8141DFF802A003BC5C1 /* ArtistListTableViewCell.m */,
			);
			path = View;
			sourceTree = "<group>";
		};
		A2A5F7CD1DFE723B003BC5C1 /* Login&Register(登录与注册) */ = {
			isa = PBXGroup;
			children = (
				A2A5F7ED1DFE7A71003BC5C1 /* LoginViewController.h */,
				A2A5F7EE1DFE7A71003BC5C1 /* LoginViewController.m */,
				A2A5F7EF1DFE7A71003BC5C1 /* LoginViewController.xib */,
				A2A5F7F21DFE7A90003BC5C1 /* RegisterController.h */,
				A2A5F7F31DFE7A90003BC5C1 /* RegisterController.m */,
				A2A5F7F41DFE7A90003BC5C1 /* RegisterController.xib */,
			);
			path = "Login&Register(登录与注册)";
			sourceTree = "<group>";
		};
		A2A5F7CE1DFE723B003BC5C1 /* Macro */ = {
			isa = PBXGroup;
			children = (
				A2A5F8091DFE8BBA003BC5C1 /* Macro.h */,
			);
			path = Macro;
			sourceTree = "<group>";
		};
		A2A5F7CF1DFE723B003BC5C1 /* Mine(我的) */ = {
			isa = PBXGroup;
			children = (
				A2A5F7D01DFE723B003BC5C1 /* Controller */,
				A2A5F7D11DFE723B003BC5C1 /* Model */,
				A2A5F7D21DFE723B003BC5C1 /* View */,
			);
			path = "Mine(我的)";
			sourceTree = "<group>";
		};
		A2A5F7D01DFE723B003BC5C1 /* Controller */ = {
			isa = PBXGroup;
			children = (
				A2A5F8001DFE7B85003BC5C1 /* MineViewController.h */,
				A2A5F8011DFE7B85003BC5C1 /* MineViewController.m */,
			);
			path = Controller;
			sourceTree = "<group>";
		};
		A2A5F7D11DFE723B003BC5C1 /* Model */ = {
			isa = PBXGroup;
			children = (
			);
			path = Model;
			sourceTree = "<group>";
		};
		A2A5F7D21DFE723B003BC5C1 /* View */ = {
			isa = PBXGroup;
			children = (
			);
			path = View;
			sourceTree = "<group>";
		};
		A2A5F7D31DFE723B003BC5C1 /* Notice(通告) */ = {
			isa = PBXGroup;
			children = (
				A2A5F7D41DFE723B003BC5C1 /* Controller */,
				A2A5F7D51DFE723B003BC5C1 /* Model */,
				A2A5F7D61DFE723B003BC5C1 /* View */,
			);
			path = "Notice(通告)";
			sourceTree = "<group>";
		};
		A2A5F7D41DFE723B003BC5C1 /* Controller */ = {
			isa = PBXGroup;
			children = (
				A2A5F7F71DFE7AD2003BC5C1 /* NoticeController.h */,
				A2A5F7F81DFE7AD2003BC5C1 /* NoticeController.m */,
			);
			path = Controller;
			sourceTree = "<group>";
		};
		A2A5F7D51DFE723B003BC5C1 /* Model */ = {
			isa = PBXGroup;
			children = (
			);
			path = Model;
			sourceTree = "<group>";
		};
		A2A5F7D61DFE723B003BC5C1 /* View */ = {
			isa = PBXGroup;
			children = (
			);
			path = View;
			sourceTree = "<group>";
		};
		A2A5F7D71DFE723B003BC5C1 /* Order(订单) */ = {
			isa = PBXGroup;
			children = (
				A2A5F7D81DFE723B003BC5C1 /* Controller */,
				A2A5F7D91DFE723B003BC5C1 /* Model */,
				A2A5F7DA1DFE723B003BC5C1 /* View */,
			);
			path = "Order(订单)";
			sourceTree = "<group>";
		};
		A2A5F7D81DFE723B003BC5C1 /* Controller */ = {
			isa = PBXGroup;
			children = (
				A2A5F7FA1DFE7B07003BC5C1 /* OrderViewController.h */,
				A2A5F7FB1DFE7B07003BC5C1 /* OrderViewController.m */,
			);
			path = Controller;
			sourceTree = "<group>";
		};
		A2A5F7D91DFE723B003BC5C1 /* Model */ = {
			isa = PBXGroup;
			children = (
			);
			path = Model;
			sourceTree = "<group>";
		};
		A2A5F7DA1DFE723B003BC5C1 /* View */ = {
			isa = PBXGroup;
			children = (
			);
			path = View;
			sourceTree = "<group>";
		};
		A2A5F7DB1DFE723B003BC5C1 /* Schedule(档期) */ = {
			isa = PBXGroup;
			children = (
				A2A5F7DC1DFE723B003BC5C1 /* Controller */,
				A2A5F7DD1DFE723B003BC5C1 /* Model */,
				A2A5F7DE1DFE723B003BC5C1 /* View */,
			);
			path = "Schedule(档期)";
			sourceTree = "<group>";
		};
		A2A5F7DC1DFE723B003BC5C1 /* Controller */ = {
			isa = PBXGroup;
			children = (
				A2A5F7FD1DFE7B55003BC5C1 /* ScheduleViewController.h */,
				A2A5F7FE1DFE7B55003BC5C1 /* ScheduleViewController.m */,
			);
			path = Controller;
			sourceTree = "<group>";
		};
		A2A5F7DD1DFE723B003BC5C1 /* Model */ = {
			isa = PBXGroup;
			children = (
			);
			path = Model;
			sourceTree = "<group>";
		};
		A2A5F7DE1DFE723B003BC5C1 /* View */ = {
			isa = PBXGroup;
			children = (
			);
			path = View;
			sourceTree = "<group>";
		};
		A2A5F7DF1DFE723B003BC5C1 /* Utils */ = {
			isa = PBXGroup;
			children = (
				A2A5F8041DFE8509003BC5C1 /* Views */,
			);
			path = Utils;
			sourceTree = "<group>";
		};
		A2A5F8041DFE8509003BC5C1 /* Views */ = {
			isa = PBXGroup;
			children = (
				A2A5F8051DFE853A003BC5C1 /* NavigatorSlider.h */,
				A2A5F8061DFE853A003BC5C1 /* NavigatorSlider.m */,
			);
			path = Views;
			sourceTree = "<group>";
		};
/* End PBXGroup section */

/* Begin PBXNativeTarget section */
		A2A5F7AD1DFE7083003BC5C1 /* PengCaCa */ = {
			isa = PBXNativeTarget;
			buildConfigurationList = A2A5F7C51DFE7083003BC5C1 /* Build configuration list for PBXNativeTarget "PengCaCa" */;
			buildPhases = (
				52B1A02D7CF81085BF44716A /* [CP] Check Pods Manifest.lock */,
				A2A5F7AA1DFE7083003BC5C1 /* Sources */,
				A2A5F7AB1DFE7083003BC5C1 /* Frameworks */,
				A2A5F7AC1DFE7083003BC5C1 /* Resources */,
				887D5B048599599E0D4F8291 /* [CP] Embed Pods Frameworks */,
				24CA21630059272E265756DC /* [CP] Copy Pods Resources */,
			);
			buildRules = (
			);
			dependencies = (
			);
			name = PengCaCa;
			productName = PengCaCa;
			productReference = A2A5F7AE1DFE7083003BC5C1 /* PengCaCa.app */;
			productType = "com.apple.product-type.application";
		};
/* End PBXNativeTarget section */

/* Begin PBXProject section */
		A2A5F7A61DFE7083003BC5C1 /* Project object */ = {
			isa = PBXProject;
			attributes = {
				LastUpgradeCheck = 0810;
				ORGANIZATIONNAME = chance;
				TargetAttributes = {
					A2A5F7AD1DFE7083003BC5C1 = {
						CreatedOnToolsVersion = 8.1;
						DevelopmentTeam = E6CUH72B23;
						ProvisioningStyle = Manual;
					};
				};
			};
			buildConfigurationList = A2A5F7A91DFE7083003BC5C1 /* Build configuration list for PBXProject "PengCaCa" */;
			compatibilityVersion = "Xcode 3.2";
			developmentRegion = English;
			hasScannedForEncodings = 0;
			knownRegions = (
				en,
				Base,
			);
			mainGroup = A2A5F7A51DFE7083003BC5C1;
			productRefGroup = A2A5F7AF1DFE7083003BC5C1 /* Products */;
			projectDirPath = "";
			projectRoot = "";
			targets = (
				A2A5F7AD1DFE7083003BC5C1 /* PengCaCa */,
			);
		};
/* End PBXProject section */

/* Begin PBXResourcesBuildPhase section */
		A2A5F7AC1DFE7083003BC5C1 /* Resources */ = {
			isa = PBXResourcesBuildPhase;
			buildActionMask = 2147483647;
			files = (
				A2A5F7C11DFE7083003BC5C1 /* LaunchScreen.storyboard in Resources */,
				A2A5F7BE1DFE7083003BC5C1 /* Assets.xcassets in Resources */,
				A2A5F7BC1DFE7083003BC5C1 /* Main.storyboard in Resources */,
				A2A5F7F61DFE7A90003BC5C1 /* RegisterController.xib in Resources */,
				A2A5F8171DFFED60003BC5C1 /* Test.storyboard in Resources */,
				A2A5F7F11DFE7A71003BC5C1 /* LoginViewController.xib in Resources */,
			);
			runOnlyForDeploymentPostprocessing = 0;
		};
/* End PBXResourcesBuildPhase section */

/* Begin PBXShellScriptBuildPhase section */
		24CA21630059272E265756DC /* [CP] Copy Pods Resources */ = {
			isa = PBXShellScriptBuildPhase;
			buildActionMask = 2147483647;
			files = (
			);
			inputPaths = (
			);
			name = "[CP] Copy Pods Resources";
			outputPaths = (
			);
			runOnlyForDeploymentPostprocessing = 0;
			shellPath = /bin/sh;
			shellScript = "\"${SRCROOT}/Pods/Target Support Files/Pods-PengCaCa/Pods-PengCaCa-resources.sh\"\n";
			showEnvVarsInLog = 0;
		};
		52B1A02D7CF81085BF44716A /* [CP] Check Pods Manifest.lock */ = {
			isa = PBXShellScriptBuildPhase;
			buildActionMask = 2147483647;
			files = (
			);
			inputPaths = (
			);
			name = "[CP] Check Pods Manifest.lock";
			outputPaths = (
			);
			runOnlyForDeploymentPostprocessing = 0;
			shellPath = /bin/sh;
			shellScript = "diff \"${PODS_ROOT}/../Podfile.lock\" \"${PODS_ROOT}/Manifest.lock\" > /dev/null\nif [ $? != 0 ] ; then\n    # print error to STDERR\n    echo \"error: The sandbox is not in sync with the Podfile.lock. Run 'pod install' or update your CocoaPods installation.\" >&2\n    exit 1\nfi\n";
			showEnvVarsInLog = 0;
		};
		887D5B048599599E0D4F8291 /* [CP] Embed Pods Frameworks */ = {
			isa = PBXShellScriptBuildPhase;
			buildActionMask = 2147483647;
			files = (
			);
			inputPaths = (
			);
			name = "[CP] Embed Pods Frameworks";
			outputPaths = (
			);
			runOnlyForDeploymentPostprocessing = 0;
			shellPath = /bin/sh;
			shellScript = "\"${SRCROOT}/Pods/Target Support Files/Pods-PengCaCa/Pods-PengCaCa-frameworks.sh\"\n";
			showEnvVarsInLog = 0;
		};
/* End PBXShellScriptBuildPhase section */

/* Begin PBXSourcesBuildPhase section */
		A2A5F7AA1DFE7083003BC5C1 /* Sources */ = {
			isa = PBXSourcesBuildPhase;
			buildActionMask = 2147483647;
			files = (
				A2A5F7F01DFE7A71003BC5C1 /* LoginViewController.m in Sources */,
				A2A5F7B61DFE7083003BC5C1 /* AppDelegate.m in Sources */,
				A2A5F7EC1DFE779F003BC5C1 /* ArtistsController.m in Sources */,
				A2A5F8021DFE7B85003BC5C1 /* MineViewController.m in Sources */,
				A2A5F8071DFE853A003BC5C1 /* NavigatorSlider.m in Sources */,
				A2A5F7B31DFE7083003BC5C1 /* main.m in Sources */,
				A2A5F8151DFF802A003BC5C1 /* ArtistListTableViewCell.m in Sources */,
				A2A5F7FC1DFE7B07003BC5C1 /* OrderViewController.m in Sources */,
				A2A5F80D1DFE9957003BC5C1 /* MainViewController.m in Sources */,
				A2A5F80A1DFE8BBA003BC5C1 /* Macro.h in Sources */,
				A2A5F7F51DFE7A90003BC5C1 /* RegisterController.m in Sources */,
				A2A5F8111DFE9B41003BC5C1 /* ArtistListCollectionViewCell.m in Sources */,
				A2A5F7F91DFE7AD2003BC5C1 /* NoticeController.m in Sources */,
				A2A5F7FF1DFE7B55003BC5C1 /* ScheduleViewController.m in Sources */,
			);
			runOnlyForDeploymentPostprocessing = 0;
		};
/* End PBXSourcesBuildPhase section */

/* Begin PBXVariantGroup section */
		A2A5F7BA1DFE7083003BC5C1 /* Main.storyboard */ = {
			isa = PBXVariantGroup;
			children = (
				A2A5F7BB1DFE7083003BC5C1 /* Base */,
			);
			name = Main.storyboard;
			path = ..;
			sourceTree = "<group>";
		};
		A2A5F7BF1DFE7083003BC5C1 /* LaunchScreen.storyboard */ = {
			isa = PBXVariantGroup;
			children = (
				A2A5F7C01DFE7083003BC5C1 /* Base */,
			);
			name = LaunchScreen.storyboard;
			path = ..;
			sourceTree = "<group>";
		};
/* End PBXVariantGroup section */

/* Begin XCBuildConfiguration section */
		A2A5F7C31DFE7083003BC5C1 /* Debug */ = {
			isa = XCBuildConfiguration;
			buildSettings = {
				ALWAYS_SEARCH_USER_PATHS = NO;
				CLANG_ANALYZER_NONNULL = YES;
				CLANG_CXX_LANGUAGE_STANDARD = "gnu++0x";
				CLANG_CXX_LIBRARY = "libc++";
				CLANG_ENABLE_MODULES = YES;
				CLANG_ENABLE_OBJC_ARC = YES;
				CLANG_WARN_BOOL_CONVERSION = YES;
				CLANG_WARN_CONSTANT_CONVERSION = YES;
				CLANG_WARN_DIRECT_OBJC_ISA_USAGE = YES_ERROR;
				CLANG_WARN_DOCUMENTATION_COMMENTS = YES;
				CLANG_WARN_EMPTY_BODY = YES;
				CLANG_WARN_ENUM_CONVERSION = YES;
				CLANG_WARN_INFINITE_RECURSION = YES;
				CLANG_WARN_INT_CONVERSION = YES;
				CLANG_WARN_OBJC_ROOT_CLASS = YES_ERROR;
				CLANG_WARN_SUSPICIOUS_MOVES = YES;
				CLANG_WARN_UNREACHABLE_CODE = YES;
				CLANG_WARN__DUPLICATE_METHOD_MATCH = YES;
				"CODE_SIGN_IDENTITY[sdk=iphoneos*]" = "iPhone Developer";
				COPY_PHASE_STRIP = NO;
				DEBUG_INFORMATION_FORMAT = dwarf;
				ENABLE_STRICT_OBJC_MSGSEND = YES;
				ENABLE_TESTABILITY = YES;
				GCC_C_LANGUAGE_STANDARD = gnu99;
				GCC_DYNAMIC_NO_PIC = NO;
				GCC_NO_COMMON_BLOCKS = YES;
				GCC_OPTIMIZATION_LEVEL = 0;
				GCC_PREPROCESSOR_DEFINITIONS = (
					"DEBUG=1",
					"$(inherited)",
				);
				GCC_WARN_64_TO_32_BIT_CONVERSION = YES;
				GCC_WARN_ABOUT_RETURN_TYPE = YES_ERROR;
				GCC_WARN_UNDECLARED_SELECTOR = YES;
				GCC_WARN_UNINITIALIZED_AUTOS = YES_AGGRESSIVE;
				GCC_WARN_UNUSED_FUNCTION = YES;
				GCC_WARN_UNUSED_VARIABLE = YES;
				IPHONEOS_DEPLOYMENT_TARGET = 10.1;
				MTL_ENABLE_DEBUG_INFO = YES;
				ONLY_ACTIVE_ARCH = YES;
				SDKROOT = iphoneos;
				TARGETED_DEVICE_FAMILY = "1,2";
			};
			name = Debug;
		};
		A2A5F7C41DFE7083003BC5C1 /* Release */ = {
			isa = XCBuildConfiguration;
			buildSettings = {
				ALWAYS_SEARCH_USER_PATHS = NO;
				CLANG_ANALYZER_NONNULL = YES;
				CLANG_CXX_LANGUAGE_STANDARD = "gnu++0x";
				CLANG_CXX_LIBRARY = "libc++";
				CLANG_ENABLE_MODULES = YES;
				CLANG_ENABLE_OBJC_ARC = YES;
				CLANG_WARN_BOOL_CONVERSION = YES;
				CLANG_WARN_CONSTANT_CONVERSION = YES;
				CLANG_WARN_DIRECT_OBJC_ISA_USAGE = YES_ERROR;
				CLANG_WARN_DOCUMENTATION_COMMENTS = YES;
				CLANG_WARN_EMPTY_BODY = YES;
				CLANG_WARN_ENUM_CONVERSION = YES;
				CLANG_WARN_INFINITE_RECURSION = YES;
				CLANG_WARN_INT_CONVERSION = YES;
				CLANG_WARN_OBJC_ROOT_CLASS = YES_ERROR;
				CLANG_WARN_SUSPICIOUS_MOVES = YES;
				CLANG_WARN_UNREACHABLE_CODE = YES;
				CLANG_WARN__DUPLICATE_METHOD_MATCH = YES;
				"CODE_SIGN_IDENTITY[sdk=iphoneos*]" = "iPhone Developer";
				COPY_PHASE_STRIP = NO;
				DEBUG_INFORMATION_FORMAT = "dwarf-with-dsym";
				ENABLE_NS_ASSERTIONS = NO;
				ENABLE_STRICT_OBJC_MSGSEND = YES;
				GCC_C_LANGUAGE_STANDARD = gnu99;
				GCC_NO_COMMON_BLOCKS = YES;
				GCC_WARN_64_TO_32_BIT_CONVERSION = YES;
				GCC_WARN_ABOUT_RETURN_TYPE = YES_ERROR;
				GCC_WARN_UNDECLARED_SELECTOR = YES;
				GCC_WARN_UNINITIALIZED_AUTOS = YES_AGGRESSIVE;
				GCC_WARN_UNUSED_FUNCTION = YES;
				GCC_WARN_UNUSED_VARIABLE = YES;
				IPHONEOS_DEPLOYMENT_TARGET = 10.1;
				MTL_ENABLE_DEBUG_INFO = NO;
				SDKROOT = iphoneos;
				TARGETED_DEVICE_FAMILY = "1,2";
				VALIDATE_PRODUCT = YES;
			};
			name = Release;
		};
		A2A5F7C61DFE7083003BC5C1 /* Debug */ = {
			isa = XCBuildConfiguration;
			baseConfigurationReference = 06A496B511B833ACCEDA8866 /* Pods-PengCaCa.debug.xcconfig */;
			buildSettings = {
				ASSETCATALOG_COMPILER_APPICON_NAME = AppIcon;
				CODE_SIGN_IDENTITY = "iPhone Developer";
				"CODE_SIGN_IDENTITY[sdk=iphoneos*]" = "iPhone Developer";
				DEVELOPMENT_TEAM = E6CUH72B23;
				INFOPLIST_FILE = PengCaCa/Info.plist;
				IPHONEOS_DEPLOYMENT_TARGET = 8.0;
				LD_RUNPATH_SEARCH_PATHS = "$(inherited) @executable_path/Frameworks";
				PRODUCT_BUNDLE_IDENTIFIER = com.channce.pengcaca;
				PRODUCT_NAME = "$(TARGET_NAME)";
				PROVISIONING_PROFILE_SPECIFIER = 2016_12_13_distribution;
			};
			name = Debug;
		};
		A2A5F7C71DFE7083003BC5C1 /* Release */ = {
			isa = XCBuildConfiguration;
			baseConfigurationReference = 7A354A661DBAB518D3D876CD /* Pods-PengCaCa.release.xcconfig */;
			buildSettings = {
				ASSETCATALOG_COMPILER_APPICON_NAME = AppIcon;
				CODE_SIGN_IDENTITY = "iPhone Developer";
				"CODE_SIGN_IDENTITY[sdk=iphoneos*]" = "iPhone Developer";
				DEVELOPMENT_TEAM = E6CUH72B23;
				INFOPLIST_FILE = PengCaCa/Info.plist;
				IPHONEOS_DEPLOYMENT_TARGET = 8.0;
				LD_RUNPATH_SEARCH_PATHS = "$(inherited) @executable_path/Frameworks";
				PRODUCT_BUNDLE_IDENTIFIER = com.channce.pengcaca;
				PRODUCT_NAME = "$(TARGET_NAME)";
				PROVISIONING_PROFILE_SPECIFIER = 2016_12_13_distribution;
			};
			name = Release;
		};
/* End XCBuildConfiguration section */

/* Begin XCConfigurationList section */
		A2A5F7A91DFE7083003BC5C1 /* Build configuration list for PBXProject "PengCaCa" */ = {
			isa = XCConfigurationList;
			buildConfigurations = (
				A2A5F7C31DFE7083003BC5C1 /* Debug */,
				A2A5F7C41DFE7083003BC5C1 /* Release */,
			);
			defaultConfigurationIsVisible = 0;
			defaultConfigurationName = Release;
		};
		A2A5F7C51DFE7083003BC5C1 /* Build configuration list for PBXNativeTarget "PengCaCa" */ = {
			isa = XCConfigurationList;
			buildConfigurations = (
				A2A5F7C61DFE7083003BC5C1 /* Debug */,
				A2A5F7C71DFE7083003BC5C1 /* Release */,
			);
			defaultConfigurationIsVisible = 0;
			defaultConfigurationName = Release;
		};
/* End XCConfigurationList section */
	};
	rootObject = A2A5F7A61DFE7083003BC5C1 /* Project object */;
}
